github.com/cespare/xxhash v1.1.0 h1:a6HrQnmkObjyL+Gs60czilIUGqrzKutQD6XZog3p+ko=
github.com/cespare/xxhash v1.1.0/go.mod h1:XrSqR1VqqWfGrhpAt58auRo0WTKS1nRRg3ghfAqPWnc=
github.com/cespare/xxhash/v2 v2.0.1-0.20190104013014-3767db7a7e18 h1:pl4eWIqvFe/Kg3zkn7NxevNzILnZYWDCG7qbA1CJik0=
github.com/cespare/xxhash/v2 v2.0.1-0.20190104013014-3767db7a7e18/go.mod h1:HD5P3vAIAh+Y2GAxg0PrPN1P8WkepXGpjbUPDHJqqKM=
